{
  "requires": true,
  "lockfileVersion": 1,
  "dependencies": {
    "@mdi/angular-material": {
      "version": "5.1.45",
      "resolved": "https://registry.npmjs.org/@mdi/angular-material/-/angular-material-5.1.45.tgz",
      "integrity": "sha512-fSYKcoJ0VuICqC6Qqz/rrjWwiHxFJu5Py6SuXSLNMSMOsehLXqQqW1htkd2lXrBOoh+9unyfykHSoRXdXyhp8g=="
    }
  }
}
